
Microsoft Visual Studio Solution File, Format Version 12.00
# Visual Studio Version 17
VisualStudioVersion = 17.5.002.0
MinimumVisualStudioVersion = 10.0.40219.1
Project("{9A19103F-16F7-4668-BE54-9A1E7A4F7556}") = "Biblioteca", "Biblioteca\Biblioteca.csproj", "{B728389B-1239-4DAB-9F08-EB69EEEFE0FB}"
EndProject
Project("{9A19103F-16F7-4668-BE54-9A1E7A4F7556}") = "TestUnitario", "TestUnitario\TestUnitario.csproj", "{504DEA39-B3FE-4146-971E-884FAACCBB2D}"
EndProject
Global
	GlobalSection(SolutionConfigurationPlatforms) = preSolution
		Debug|Any CPU = Debug|Any CPU
		Release|Any CPU = Release|Any CPU
	EndGlobalSection
	GlobalSection(ProjectConfigurationPlatforms) = postSolution
		{B728389B-1239-4DAB-9F08-EB69EEEFE0FB}.Debug|Any CPU.ActiveCfg = Debug|Any CPU
		{B728389B-1239-4DAB-9F08-EB69EEEFE0FB}.Debug|Any CPU.Build.0 = Debug|Any CPU
		{B728389B-1239-4DAB-9F08-EB69EEEFE0FB}.Release|Any CPU.ActiveCfg = Release|Any CPU
		{B728389B-1239-4DAB-9F08-EB69EEEFE0FB}.Release|Any CPU.Build.0 = Release|Any CPU
		{504DEA39-B3FE-4146-971E-884FAACCBB2D}.Debug|Any CPU.ActiveCfg = Debug|Any CPU
		{504DEA39-B3FE-4146-971E-884FAACCBB2D}.Debug|Any CPU.Build.0 = Debug|Any CPU
		{504DEA39-B3FE-4146-971E-884FAACCBB2D}.Release|Any CPU.ActiveCfg = Release|Any CPU
		{504DEA39-B3FE-4146-971E-884FAACCBB2D}.Release|Any CPU.Build.0 = Release|Any CPU
	EndGlobalSection
	GlobalSection(SolutionProperties) = preSolution
		HideSolutionNode = FALSE
	EndGlobalSection
	GlobalSection(ExtensibilityGlobals) = postSolution
		SolutionGuid = {6DA7150C-C53C-4993-8CEF-C2059761209A}
	EndGlobalSection
EndGlobal
